// !$*UTF8*$!
{
	archiveVersion = 1;
	classes = {
	};
	objectVersion = 56;
	objects = {

/* Begin PBXBuildFile section */
		1E7EB6E22A980F5A003415AE /* getDisciplinas.geojson in Resources */ = {isa = PBXBuildFile; fileRef = 1E7EB6E12A980F5A003415AE /* getDisciplinas.geojson */; };
		1E7EB6EE2A98254B003415AE /* EstudanteInfoViewModel.swift in Sources */ = {isa = PBXBuildFile; fileRef = 1E7EB6ED2A98254B003415AE /* EstudanteInfoViewModel.swift */; };
		1E7EB6F02A982556003415AE /* ObjetivoEstudanteInfoModel.swift in Sources */ = {isa = PBXBuildFile; fileRef = 1E7EB6EF2A982556003415AE /* ObjetivoEstudanteInfoModel.swift */; };
		1E7EB6F32A982569003415AE /* ReflexaoEstudanteInfoModel.swift in Sources */ = {isa = PBXBuildFile; fileRef = 1E7EB6F22A982569003415AE /* ReflexaoEstudanteInfoModel.swift */; };
		1EF0DEF82A9A7594004AD38B /* GraficoBarrasEstudanteInfoView.swift in Sources */ = {isa = PBXBuildFile; fileRef = 1EF0DEF72A9A7594004AD38B /* GraficoBarrasEstudanteInfoView.swift */; };
		64195F422A98E94100490385 /* GraficoEstudanteInfoModel.swift in Sources */ = {isa = PBXBuildFile; fileRef = 64195F412A98E94100490385 /* GraficoEstudanteInfoModel.swift */; };
		64195F442A98EACD00490385 /* MomentoAvaliativoTituloModel.swift in Sources */ = {isa = PBXBuildFile; fileRef = 64195F432A98EACD00490385 /* MomentoAvaliativoTituloModel.swift */; };
		64195F4D2A99126300490385 /* EstudanteInfoModel.swift in Sources */ = {isa = PBXBuildFile; fileRef = 64195F4C2A99126300490385 /* EstudanteInfoModel.swift */; };
		64195F4F2A99200400490385 /* getAutoavaliacoesEstudante.json in Resources */ = {isa = PBXBuildFile; fileRef = 64195F4E2A99200400490385 /* getAutoavaliacoesEstudante.json */; };
		64195F512A99451000490385 /* EstudanteInfoView.swift in Sources */ = {isa = PBXBuildFile; fileRef = 64195F502A99451000490385 /* EstudanteInfoView.swift */; };
		641EB50E2A9E240A00D1747B /* SentimentosView.swift in Sources */ = {isa = PBXBuildFile; fileRef = 641EB50D2A9E240A00D1747B /* SentimentosView.swift */; };
		641EB5102A9E4DC000D1747B /* MomentosAvaliativosView.swift in Sources */ = {isa = PBXBuildFile; fileRef = 641EB50F2A9E4DC000D1747B /* MomentosAvaliativosView.swift */; };
		641EB5122A9E501000D1747B /* ReflexaoSectionView.swift in Sources */ = {isa = PBXBuildFile; fileRef = 641EB5112A9E501000D1747B /* ReflexaoSectionView.swift */; };
		641EB5142A9E5FFC00D1747B /* ObjetivoSelecaoItemView.swift in Sources */ = {isa = PBXBuildFile; fileRef = 641EB5132A9E5FFC00D1747B /* ObjetivoSelecaoItemView.swift */; };
		641EB5182A9E6D3100D1747B /* ObjetivosAvaliacaoSectionView.swift in Sources */ = {isa = PBXBuildFile; fileRef = 641EB5172A9E6D3100D1747B /* ObjetivosAvaliacaoSectionView.swift */; };
		641EB51A2A9E6E6000D1747B /* MomentoSectionView.swift in Sources */ = {isa = PBXBuildFile; fileRef = 641EB5192A9E6E6000D1747B /* MomentoSectionView.swift */; };
		641EB51C2A9E776500D1747B /* CancelarAvaliacaoView.swift in Sources */ = {isa = PBXBuildFile; fileRef = 641EB51B2A9E776500D1747B /* CancelarAvaliacaoView.swift */; };
		641EB51E2A9E8FB200D1747B /* AdicionarAvaliacaoView.swift in Sources */ = {isa = PBXBuildFile; fileRef = 641EB51D2A9E8FB200D1747B /* AdicionarAvaliacaoView.swift */; };
		64388C3B2A5725AF00FDC452 /* RubricaView.swift in Sources */ = {isa = PBXBuildFile; fileRef = 64388C3A2A5725AF00FDC452 /* RubricaView.swift */; };
		64388C3D2A5726DF00FDC452 /* Cor.xcassets in Resources */ = {isa = PBXBuildFile; fileRef = 64388C3C2A5726DF00FDC452 /* Cor.xcassets */; };
		64388C3F2A572F7000FDC452 /* RetangulosCustomizados.swift in Sources */ = {isa = PBXBuildFile; fileRef = 64388C3E2A572F7000FDC452 /* RetangulosCustomizados.swift */; };
		64388C412A57302D00FDC452 /* ShapeCustomizada.swift in Sources */ = {isa = PBXBuildFile; fileRef = 64388C402A57302D00FDC452 /* ShapeCustomizada.swift */; };
		6459F3D02A55A48600A66AFD /* APIErro.swift in Sources */ = {isa = PBXBuildFile; fileRef = 6459F3CF2A55A48600A66AFD /* APIErro.swift */; };
		6459F3E42A560D0E00A66AFD /* ObjetivoItemView.swift in Sources */ = {isa = PBXBuildFile; fileRef = 6459F3E32A560D0E00A66AFD /* ObjetivoItemView.swift */; };
		6459F3E62A560DE800A66AFD /* +Color.swift in Sources */ = {isa = PBXBuildFile; fileRef = 6459F3E52A560DE800A66AFD /* +Color.swift */; };
		6469D7972A9D1AB600662FDE /* MomentosAvaliativosDetalheView.swift in Sources */ = {isa = PBXBuildFile; fileRef = 6469D7962A9D1AB600662FDE /* MomentosAvaliativosDetalheView.swift */; };
		6469D79B2A9D29CC00662FDE /* ObjetivoAutoavaliacaoModel.swift in Sources */ = {isa = PBXBuildFile; fileRef = 6469D79A2A9D29CC00662FDE /* ObjetivoAutoavaliacaoModel.swift */; };
		6469D79D2A9D2A3F00662FDE /* AutoavaliacaoModel.swift in Sources */ = {isa = PBXBuildFile; fileRef = 6469D79C2A9D2A3F00662FDE /* AutoavaliacaoModel.swift */; };
		6469D7A02A9D2B0300662FDE /* AutoavaliacaoViewModel.swift in Sources */ = {isa = PBXBuildFile; fileRef = 6469D79F2A9D2B0300662FDE /* AutoavaliacaoViewModel.swift */; };
		6469D7A22A9D308900662FDE /* getAutoavaliacao.json in Resources */ = {isa = PBXBuildFile; fileRef = 6469D7A12A9D308900662FDE /* getAutoavaliacao.json */; };
		6469D7A42A9D327C00662FDE /* MomentoCellView.swift in Sources */ = {isa = PBXBuildFile; fileRef = 6469D7A32A9D327C00662FDE /* MomentoCellView.swift */; };
		6469D7A62A9D333400662FDE /* DataCellView.swift in Sources */ = {isa = PBXBuildFile; fileRef = 6469D7A52A9D333400662FDE /* DataCellView.swift */; };
		648105902A9F6B5E0040EA26 /* PostAutoavaliacaoModel.swift in Sources */ = {isa = PBXBuildFile; fileRef = 6481058F2A9F6B5E0040EA26 /* PostAutoavaliacaoModel.swift */; };
		648105922A9F6BEA0040EA26 /* PostObjetivoModel.swift in Sources */ = {isa = PBXBuildFile; fileRef = 648105912A9F6BEA0040EA26 /* PostObjetivoModel.swift */; };
		648105942A9F6D230040EA26 /* ModelosAntigos.swift in Sources */ = {isa = PBXBuildFile; fileRef = 648105932A9F6D230040EA26 /* ModelosAntigos.swift */; };
		648105962A9F6DAA0040EA26 /* ViewModelsAntigas.swift in Sources */ = {isa = PBXBuildFile; fileRef = 648105952A9F6DAA0040EA26 /* ViewModelsAntigas.swift */; };
		648105982A9F75040040EA26 /* LoadingView.swift in Sources */ = {isa = PBXBuildFile; fileRef = 648105972A9F75040040EA26 /* LoadingView.swift */; };
		648FE1972A9FAB4F0043BAC8 /* MomentoAvaliativoModel.swift in Sources */ = {isa = PBXBuildFile; fileRef = 648FE1962A9FAB4F0043BAC8 /* MomentoAvaliativoModel.swift */; };
		64943A9F2A53323100585CA1 /* MestradoApp.swift in Sources */ = {isa = PBXBuildFile; fileRef = 64943A9E2A53323100585CA1 /* MestradoApp.swift */; };
		64943AA12A53323100585CA1 /* ContentView.swift in Sources */ = {isa = PBXBuildFile; fileRef = 64943AA02A53323100585CA1 /* ContentView.swift */; };
		64943AA32A53323300585CA1 /* Assets.xcassets in Resources */ = {isa = PBXBuildFile; fileRef = 64943AA22A53323300585CA1 /* Assets.xcassets */; };
		64943AA62A53323300585CA1 /* Preview Assets.xcassets in Resources */ = {isa = PBXBuildFile; fileRef = 64943AA52A53323300585CA1 /* Preview Assets.xcassets */; };
		64943AB02A53603D00585CA1 /* ReflexaoItemView.swift in Sources */ = {isa = PBXBuildFile; fileRef = 64943AAF2A53603D00585CA1 /* ReflexaoItemView.swift */; };
		64943AB22A53625400585CA1 /* Sentimento.swift in Sources */ = {isa = PBXBuildFile; fileRef = 64943AB12A53625400585CA1 /* Sentimento.swift */; };
		64943AB62A5363B900585CA1 /* Localizable.strings in Resources */ = {isa = PBXBuildFile; fileRef = 64943AB52A5363B900585CA1 /* Localizable.strings */; };
		64943AB92A53643200585CA1 /* +Localizable.swift in Sources */ = {isa = PBXBuildFile; fileRef = 64943AB82A53643200585CA1 /* +Localizable.swift */; };
		649E1B4B2A54B02500DE4664 /* Rubrica.swift in Sources */ = {isa = PBXBuildFile; fileRef = 649E1B4A2A54B02500DE4664 /* Rubrica.swift */; };
		649E1B512A54BA6100DE4664 /* APIServicoProtocol.swift in Sources */ = {isa = PBXBuildFile; fileRef = 649E1B502A54BA6100DE4664 /* APIServicoProtocol.swift */; };
		649E1B532A54BB7000DE4664 /* APIServico.swift in Sources */ = {isa = PBXBuildFile; fileRef = 649E1B522A54BB7000DE4664 /* APIServico.swift */; };
		649E1B572A54C11900DE4664 /* +URL.swift in Sources */ = {isa = PBXBuildFile; fileRef = 649E1B562A54C11900DE4664 /* +URL.swift */; };
		64B0F6C22AA0C5400066E39B /* LoginView.swift in Sources */ = {isa = PBXBuildFile; fileRef = 64B0F6C12AA0C5400066E39B /* LoginView.swift */; };
		64B0F6C62AA0CAE30066E39B /* getPessoa.json in Resources */ = {isa = PBXBuildFile; fileRef = 64B0F6C52AA0CAE30066E39B /* getPessoa.json */; };
		64B0F6C82AA0CB4D0066E39B /* LoginViewModel.swift in Sources */ = {isa = PBXBuildFile; fileRef = 64B0F6C72AA0CB4D0066E39B /* LoginViewModel.swift */; };
		64B0F6CA2AA0CB6D0066E39B /* LoginModel.swift in Sources */ = {isa = PBXBuildFile; fileRef = 64B0F6C92AA0CB6D0066E39B /* LoginModel.swift */; };
		64B0F6CD2AA0D2D30066E39B /* DisciplinasView.swift in Sources */ = {isa = PBXBuildFile; fileRef = 64B0F6CC2AA0D2D30066E39B /* DisciplinasView.swift */; };
		64B0F6D02AA0D3EE0066E39B /* DisciplinaTituloModel.swift in Sources */ = {isa = PBXBuildFile; fileRef = 64B0F6CF2AA0D3EE0066E39B /* DisciplinaTituloModel.swift */; };
		64C9CD822A9790370083B13F /* AutoavaliacaoEstudanteInfoView.swift in Sources */ = {isa = PBXBuildFile; fileRef = 64C9CD812A9790360083B13F /* AutoavaliacaoEstudanteInfoView.swift */; };
		64C9CD842A9791A90083B13F /* AutoavaliacaoView.swift in Sources */ = {isa = PBXBuildFile; fileRef = 64C9CD832A9791A90083B13F /* AutoavaliacaoView.swift */; };
		64C9CD862A9792940083B13F /* FiltroMomentos.swift in Sources */ = {isa = PBXBuildFile; fileRef = 64C9CD852A9792940083B13F /* FiltroMomentos.swift */; };
		64C9CD882A97A8DE0083B13F /* AutoavaliacaoEstudanteInfoTituloView.swift in Sources */ = {isa = PBXBuildFile; fileRef = 64C9CD872A97A8DE0083B13F /* AutoavaliacaoEstudanteInfoTituloView.swift */; };
		64C9CD8A2A97D1F90083B13F /* SectionHeaderView.swift in Sources */ = {isa = PBXBuildFile; fileRef = 64C9CD892A97D1F90083B13F /* SectionHeaderView.swift */; };
/* End PBXBuildFile section */

/* Begin PBXFileReference section */
		1E7EB6E12A980F5A003415AE /* getDisciplinas.geojson */ = {isa = PBXFileReference; lastKnownFileType = text; path = getDisciplinas.geojson; sourceTree = "<group>"; };
		1E7EB6E42A981262003415AE /* postAutoavaliacao.geojson */ = {isa = PBXFileReference; lastKnownFileType = text; path = postAutoavaliacao.geojson; sourceTree = "<group>"; };
		1E7EB6E52A981598003415AE /* getMomentosPorDisciplina.geojson */ = {isa = PBXFileReference; lastKnownFileType = text; path = getMomentosPorDisciplina.geojson; sourceTree = "<group>"; };
		1E7EB6E62A98169B003415AE /* getObjetivos.geojson */ = {isa = PBXFileReference; lastKnownFileType = text; path = getObjetivos.geojson; sourceTree = "<group>"; };
		1E7EB6E72A9817CF003415AE /* postDisciplina.geojson */ = {isa = PBXFileReference; lastKnownFileType = text; path = postDisciplina.geojson; sourceTree = "<group>"; };
		1E7EB6E82A981997003415AE /* getTodosEstudantesPorDisciplina.geojson */ = {isa = PBXFileReference; lastKnownFileType = text; path = getTodosEstudantesPorDisciplina.geojson; sourceTree = "<group>"; };
		1E7EB6E92A981A76003415AE /* getDadosGraficoProfessor.geojson */ = {isa = PBXFileReference; lastKnownFileType = text; path = getDadosGraficoProfessor.geojson; sourceTree = "<group>"; };
		1E7EB6EA2A981C68003415AE /* getInfoEstudante.geojson */ = {isa = PBXFileReference; lastKnownFileType = text; path = getInfoEstudante.geojson; sourceTree = "<group>"; };
		1E7EB6ED2A98254B003415AE /* EstudanteInfoViewModel.swift */ = {isa = PBXFileReference; lastKnownFileType = sourcecode.swift; path = EstudanteInfoViewModel.swift; sourceTree = "<group>"; };
		1E7EB6EF2A982556003415AE /* ObjetivoEstudanteInfoModel.swift */ = {isa = PBXFileReference; lastKnownFileType = sourcecode.swift; path = ObjetivoEstudanteInfoModel.swift; sourceTree = "<group>"; };
		1E7EB6F22A982569003415AE /* ReflexaoEstudanteInfoModel.swift */ = {isa = PBXFileReference; lastKnownFileType = sourcecode.swift; path = ReflexaoEstudanteInfoModel.swift; sourceTree = "<group>"; };
		1EF0DEF72A9A7594004AD38B /* GraficoBarrasEstudanteInfoView.swift */ = {isa = PBXFileReference; lastKnownFileType = sourcecode.swift; path = GraficoBarrasEstudanteInfoView.swift; sourceTree = "<group>"; };
		64195F412A98E94100490385 /* GraficoEstudanteInfoModel.swift */ = {isa = PBXFileReference; lastKnownFileType = sourcecode.swift; path = GraficoEstudanteInfoModel.swift; sourceTree = "<group>"; };
		64195F432A98EACD00490385 /* MomentoAvaliativoTituloModel.swift */ = {isa = PBXFileReference; lastKnownFileType = sourcecode.swift; path = MomentoAvaliativoTituloModel.swift; sourceTree = "<group>"; };
		64195F4C2A99126300490385 /* EstudanteInfoModel.swift */ = {isa = PBXFileReference; lastKnownFileType = sourcecode.swift; path = EstudanteInfoModel.swift; sourceTree = "<group>"; };
		64195F4E2A99200400490385 /* getAutoavaliacoesEstudante.json */ = {isa = PBXFileReference; lastKnownFileType = text.json; path = getAutoavaliacoesEstudante.json; sourceTree = "<group>"; };
		64195F502A99451000490385 /* EstudanteInfoView.swift */ = {isa = PBXFileReference; lastKnownFileType = sourcecode.swift; path = EstudanteInfoView.swift; sourceTree = "<group>"; };
		641EB50D2A9E240A00D1747B /* SentimentosView.swift */ = {isa = PBXFileReference; lastKnownFileType = sourcecode.swift; path = SentimentosView.swift; sourceTree = "<group>"; };
		641EB50F2A9E4DC000D1747B /* MomentosAvaliativosView.swift */ = {isa = PBXFileReference; lastKnownFileType = sourcecode.swift; path = MomentosAvaliativosView.swift; sourceTree = "<group>"; };
		641EB5112A9E501000D1747B /* ReflexaoSectionView.swift */ = {isa = PBXFileReference; lastKnownFileType = sourcecode.swift; path = ReflexaoSectionView.swift; sourceTree = "<group>"; };
		641EB5132A9E5FFC00D1747B /* ObjetivoSelecaoItemView.swift */ = {isa = PBXFileReference; lastKnownFileType = sourcecode.swift; path = ObjetivoSelecaoItemView.swift; sourceTree = "<group>"; };
		641EB5172A9E6D3100D1747B /* ObjetivosAvaliacaoSectionView.swift */ = {isa = PBXFileReference; lastKnownFileType = sourcecode.swift; path = ObjetivosAvaliacaoSectionView.swift; sourceTree = "<group>"; };
		641EB5192A9E6E6000D1747B /* MomentoSectionView.swift */ = {isa = PBXFileReference; lastKnownFileType = sourcecode.swift; path = MomentoSectionView.swift; sourceTree = "<group>"; };
		641EB51B2A9E776500D1747B /* CancelarAvaliacaoView.swift */ = {isa = PBXFileReference; lastKnownFileType = sourcecode.swift; path = CancelarAvaliacaoView.swift; sourceTree = "<group>"; };
		641EB51D2A9E8FB200D1747B /* AdicionarAvaliacaoView.swift */ = {isa = PBXFileReference; lastKnownFileType = sourcecode.swift; path = AdicionarAvaliacaoView.swift; sourceTree = "<group>"; };
		64388C3A2A5725AF00FDC452 /* RubricaView.swift */ = {isa = PBXFileReference; lastKnownFileType = sourcecode.swift; path = RubricaView.swift; sourceTree = "<group>"; };
		64388C3C2A5726DF00FDC452 /* Cor.xcassets */ = {isa = PBXFileReference; lastKnownFileType = folder.assetcatalog; path = Cor.xcassets; sourceTree = "<group>"; };
		64388C3E2A572F7000FDC452 /* RetangulosCustomizados.swift */ = {isa = PBXFileReference; lastKnownFileType = sourcecode.swift; path = RetangulosCustomizados.swift; sourceTree = "<group>"; };
		64388C402A57302D00FDC452 /* ShapeCustomizada.swift */ = {isa = PBXFileReference; lastKnownFileType = sourcecode.swift; path = ShapeCustomizada.swift; sourceTree = "<group>"; };
		6459F3CF2A55A48600A66AFD /* APIErro.swift */ = {isa = PBXFileReference; lastKnownFileType = sourcecode.swift; path = APIErro.swift; sourceTree = "<group>"; };
		6459F3E32A560D0E00A66AFD /* ObjetivoItemView.swift */ = {isa = PBXFileReference; lastKnownFileType = sourcecode.swift; path = ObjetivoItemView.swift; sourceTree = "<group>"; };
		6459F3E52A560DE800A66AFD /* +Color.swift */ = {isa = PBXFileReference; lastKnownFileType = sourcecode.swift; path = "+Color.swift"; sourceTree = "<group>"; };
		6469D7962A9D1AB600662FDE /* MomentosAvaliativosDetalheView.swift */ = {isa = PBXFileReference; lastKnownFileType = sourcecode.swift; path = MomentosAvaliativosDetalheView.swift; sourceTree = "<group>"; };
		6469D79A2A9D29CC00662FDE /* ObjetivoAutoavaliacaoModel.swift */ = {isa = PBXFileReference; lastKnownFileType = sourcecode.swift; path = ObjetivoAutoavaliacaoModel.swift; sourceTree = "<group>"; };
		6469D79C2A9D2A3F00662FDE /* AutoavaliacaoModel.swift */ = {isa = PBXFileReference; lastKnownFileType = sourcecode.swift; path = AutoavaliacaoModel.swift; sourceTree = "<group>"; };
		6469D79F2A9D2B0300662FDE /* AutoavaliacaoViewModel.swift */ = {isa = PBXFileReference; lastKnownFileType = sourcecode.swift; path = AutoavaliacaoViewModel.swift; sourceTree = "<group>"; };
		6469D7A12A9D308900662FDE /* getAutoavaliacao.json */ = {isa = PBXFileReference; lastKnownFileType = text.json; path = getAutoavaliacao.json; sourceTree = "<group>"; };
		6469D7A32A9D327C00662FDE /* MomentoCellView.swift */ = {isa = PBXFileReference; lastKnownFileType = sourcecode.swift; path = MomentoCellView.swift; sourceTree = "<group>"; };
		6469D7A52A9D333400662FDE /* DataCellView.swift */ = {isa = PBXFileReference; lastKnownFileType = sourcecode.swift; path = DataCellView.swift; sourceTree = "<group>"; };
		6481058F2A9F6B5E0040EA26 /* PostAutoavaliacaoModel.swift */ = {isa = PBXFileReference; lastKnownFileType = sourcecode.swift; path = PostAutoavaliacaoModel.swift; sourceTree = "<group>"; };
		648105912A9F6BEA0040EA26 /* PostObjetivoModel.swift */ = {isa = PBXFileReference; lastKnownFileType = sourcecode.swift; path = PostObjetivoModel.swift; sourceTree = "<group>"; };
		648105932A9F6D230040EA26 /* ModelosAntigos.swift */ = {isa = PBXFileReference; lastKnownFileType = sourcecode.swift; path = ModelosAntigos.swift; sourceTree = "<group>"; };
		648105952A9F6DAA0040EA26 /* ViewModelsAntigas.swift */ = {isa = PBXFileReference; lastKnownFileType = sourcecode.swift; path = ViewModelsAntigas.swift; sourceTree = "<group>"; };
		648105972A9F75040040EA26 /* LoadingView.swift */ = {isa = PBXFileReference; lastKnownFileType = sourcecode.swift; path = LoadingView.swift; sourceTree = "<group>"; };
		648FE1962A9FAB4F0043BAC8 /* MomentoAvaliativoModel.swift */ = {isa = PBXFileReference; lastKnownFileType = sourcecode.swift; path = MomentoAvaliativoModel.swift; sourceTree = "<group>"; };
		64943A9B2A53323100585CA1 /* Mestrado.app */ = {isa = PBXFileReference; explicitFileType = wrapper.application; includeInIndex = 0; path = Mestrado.app; sourceTree = BUILT_PRODUCTS_DIR; };
		64943A9E2A53323100585CA1 /* MestradoApp.swift */ = {isa = PBXFileReference; lastKnownFileType = sourcecode.swift; path = MestradoApp.swift; sourceTree = "<group>"; };
		64943AA02A53323100585CA1 /* ContentView.swift */ = {isa = PBXFileReference; lastKnownFileType = sourcecode.swift; path = ContentView.swift; sourceTree = "<group>"; };
		64943AA22A53323300585CA1 /* Assets.xcassets */ = {isa = PBXFileReference; lastKnownFileType = folder.assetcatalog; path = Assets.xcassets; sourceTree = "<group>"; };
		64943AA52A53323300585CA1 /* Preview Assets.xcassets */ = {isa = PBXFileReference; lastKnownFileType = folder.assetcatalog; path = "Preview Assets.xcassets"; sourceTree = "<group>"; };
		64943AAF2A53603D00585CA1 /* ReflexaoItemView.swift */ = {isa = PBXFileReference; lastKnownFileType = sourcecode.swift; path = ReflexaoItemView.swift; sourceTree = "<group>"; };
		64943AB12A53625400585CA1 /* Sentimento.swift */ = {isa = PBXFileReference; lastKnownFileType = sourcecode.swift; path = Sentimento.swift; sourceTree = "<group>"; };
		64943AB52A5363B900585CA1 /* Localizable.strings */ = {isa = PBXFileReference; lastKnownFileType = text.plist.strings; path = Localizable.strings; sourceTree = "<group>"; };
		64943AB82A53643200585CA1 /* +Localizable.swift */ = {isa = PBXFileReference; lastKnownFileType = sourcecode.swift; path = "+Localizable.swift"; sourceTree = "<group>"; };
		649E1B4A2A54B02500DE4664 /* Rubrica.swift */ = {isa = PBXFileReference; lastKnownFileType = sourcecode.swift; path = Rubrica.swift; sourceTree = "<group>"; };
		649E1B502A54BA6100DE4664 /* APIServicoProtocol.swift */ = {isa = PBXFileReference; lastKnownFileType = sourcecode.swift; path = APIServicoProtocol.swift; sourceTree = "<group>"; };
		649E1B522A54BB7000DE4664 /* APIServico.swift */ = {isa = PBXFileReference; lastKnownFileType = sourcecode.swift; path = APIServico.swift; sourceTree = "<group>"; };
		649E1B562A54C11900DE4664 /* +URL.swift */ = {isa = PBXFileReference; lastKnownFileType = sourcecode.swift; path = "+URL.swift"; sourceTree = "<group>"; };
		64B0F6C12AA0C5400066E39B /* LoginView.swift */ = {isa = PBXFileReference; lastKnownFileType = sourcecode.swift; path = LoginView.swift; sourceTree = "<group>"; };
		64B0F6C52AA0CAE30066E39B /* getPessoa.json */ = {isa = PBXFileReference; lastKnownFileType = text.json; path = getPessoa.json; sourceTree = "<group>"; };
		64B0F6C72AA0CB4D0066E39B /* LoginViewModel.swift */ = {isa = PBXFileReference; lastKnownFileType = sourcecode.swift; path = LoginViewModel.swift; sourceTree = "<group>"; };
		64B0F6C92AA0CB6D0066E39B /* LoginModel.swift */ = {isa = PBXFileReference; lastKnownFileType = sourcecode.swift; path = LoginModel.swift; sourceTree = "<group>"; };
		64B0F6CC2AA0D2D30066E39B /* DisciplinasView.swift */ = {isa = PBXFileReference; lastKnownFileType = sourcecode.swift; path = DisciplinasView.swift; sourceTree = "<group>"; };
		64B0F6CF2AA0D3EE0066E39B /* DisciplinaTituloModel.swift */ = {isa = PBXFileReference; lastKnownFileType = sourcecode.swift; path = DisciplinaTituloModel.swift; sourceTree = "<group>"; };
		64C9CD812A9790360083B13F /* AutoavaliacaoEstudanteInfoView.swift */ = {isa = PBXFileReference; lastKnownFileType = sourcecode.swift; path = AutoavaliacaoEstudanteInfoView.swift; sourceTree = "<group>"; };
		64C9CD832A9791A90083B13F /* AutoavaliacaoView.swift */ = {isa = PBXFileReference; lastKnownFileType = sourcecode.swift; path = AutoavaliacaoView.swift; sourceTree = "<group>"; };
		64C9CD852A9792940083B13F /* FiltroMomentos.swift */ = {isa = PBXFileReference; lastKnownFileType = sourcecode.swift; path = FiltroMomentos.swift; sourceTree = "<group>"; };
		64C9CD872A97A8DE0083B13F /* AutoavaliacaoEstudanteInfoTituloView.swift */ = {isa = PBXFileReference; lastKnownFileType = sourcecode.swift; path = AutoavaliacaoEstudanteInfoTituloView.swift; sourceTree = "<group>"; };
		64C9CD892A97D1F90083B13F /* SectionHeaderView.swift */ = {isa = PBXFileReference; lastKnownFileType = sourcecode.swift; path = SectionHeaderView.swift; sourceTree = "<group>"; };
		64C9CD8C2A97E22E0083B13F /* getEstudante.json */ = {isa = PBXFileReference; lastKnownFileType = text.json; path = getEstudante.json; sourceTree = "<group>"; };
/* End PBXFileReference section */

/* Begin PBXFrameworksBuildPhase section */
		64943A982A53323100585CA1 /* Frameworks */ = {
			isa = PBXFrameworksBuildPhase;
			buildActionMask = 2147483647;
			files = (
			);
			runOnlyForDeploymentPostprocessing = 0;
		};
/* End PBXFrameworksBuildPhase section */

/* Begin PBXGroup section */
		1E7A4E2A2A9A4EE7004AA23F /* ViewModels */ = {
			isa = PBXGroup;
			children = (
				1E7EB6ED2A98254B003415AE /* EstudanteInfoViewModel.swift */,
			);
			path = ViewModels;
			sourceTree = "<group>";
		};
		1E7EB6EB2A98249D003415AE /* FeatureEstudanteInfo */ = {
			isa = PBXGroup;
			children = (
				64195F4E2A99200400490385 /* getAutoavaliacoesEstudante.json */,
				1E7EB6F12A982559003415AE /* Models */,
				1E7A4E2A2A9A4EE7004AA23F /* ViewModels */,
				1ED0685F2A9A69E900A05BC9 /* Components */,
				64195F502A99451000490385 /* EstudanteInfoView.swift */,
			);
			path = FeatureEstudanteInfo;
			sourceTree = "<group>";
		};
		1E7EB6F12A982559003415AE /* Models */ = {
			isa = PBXGroup;
			children = (
				64195F412A98E94100490385 /* GraficoEstudanteInfoModel.swift */,
				1E7EB6F22A982569003415AE /* ReflexaoEstudanteInfoModel.swift */,
				1E7EB6EF2A982556003415AE /* ObjetivoEstudanteInfoModel.swift */,
				64195F4C2A99126300490385 /* EstudanteInfoModel.swift */,
			);
			path = Models;
			sourceTree = "<group>";
		};
		1ED0685F2A9A69E900A05BC9 /* Components */ = {
			isa = PBXGroup;
			children = (
				64C9CD872A97A8DE0083B13F /* AutoavaliacaoEstudanteInfoTituloView.swift */,
				64C9CD852A9792940083B13F /* FiltroMomentos.swift */,
				64C9CD812A9790360083B13F /* AutoavaliacaoEstudanteInfoView.swift */,
				1EF0DEF72A9A7594004AD38B /* GraficoBarrasEstudanteInfoView.swift */,
			);
			path = Components;
			sourceTree = "<group>";
		};
		1ED068602A9A6A1C00A05BC9 /* Shapes */ = {
			isa = PBXGroup;
			children = (
				64388C3E2A572F7000FDC452 /* RetangulosCustomizados.swift */,
				64388C402A57302D00FDC452 /* ShapeCustomizada.swift */,
			);
			path = Shapes;
			sourceTree = "<group>";
		};
		6469D7952A9D1A8000662FDE /* Components */ = {
			isa = PBXGroup;
			children = (
				6469D7962A9D1AB600662FDE /* MomentosAvaliativosDetalheView.swift */,
				641EB50F2A9E4DC000D1747B /* MomentosAvaliativosView.swift */,
				641EB5192A9E6E6000D1747B /* MomentoSectionView.swift */,
				6469D7A32A9D327C00662FDE /* MomentoCellView.swift */,
				6469D7A52A9D333400662FDE /* DataCellView.swift */,
				641EB50D2A9E240A00D1747B /* SentimentosView.swift */,
				641EB5112A9E501000D1747B /* ReflexaoSectionView.swift */,
				641EB5172A9E6D3100D1747B /* ObjetivosAvaliacaoSectionView.swift */,
				641EB51B2A9E776500D1747B /* CancelarAvaliacaoView.swift */,
				641EB51D2A9E8FB200D1747B /* AdicionarAvaliacaoView.swift */,
			);
			path = Components;
			sourceTree = "<group>";
		};
		6469D7992A9D29B500662FDE /* Models */ = {
			isa = PBXGroup;
			children = (
				6469D79C2A9D2A3F00662FDE /* AutoavaliacaoModel.swift */,
				6469D79A2A9D29CC00662FDE /* ObjetivoAutoavaliacaoModel.swift */,
				648FE1962A9FAB4F0043BAC8 /* MomentoAvaliativoModel.swift */,
				648105912A9F6BEA0040EA26 /* PostObjetivoModel.swift */,
				6481058F2A9F6B5E0040EA26 /* PostAutoavaliacaoModel.swift */,
			);
			path = Models;
			sourceTree = "<group>";
		};
		6469D79E2A9D2AD900662FDE /* ViewModels */ = {
			isa = PBXGroup;
			children = (
				6469D79F2A9D2B0300662FDE /* AutoavaliacaoViewModel.swift */,
			);
			path = ViewModels;
			sourceTree = "<group>";
		};
		64943A922A53323100585CA1 = {
			isa = PBXGroup;
			children = (
				64943A9D2A53323100585CA1 /* Mestrado */,
				64943A9C2A53323100585CA1 /* Products */,
			);
			sourceTree = "<group>";
		};
		64943A9C2A53323100585CA1 /* Products */ = {
			isa = PBXGroup;
			children = (
				64943A9B2A53323100585CA1 /* Mestrado.app */,
			);
			name = Products;
			sourceTree = "<group>";
		};
		64943A9D2A53323100585CA1 /* Mestrado */ = {
			isa = PBXGroup;
			children = (
				64B0F6CB2AA0D2A90066E39B /* FeatureDisciplinas */,
				64B0F6C02AA0C5100066E39B /* FeatureLogin */,
				1E7EB6EB2A98249D003415AE /* FeatureEstudanteInfo */,
				64C9CD802A978EBA0083B13F /* FeatureCriacaoAutoavaliacao */,
				64943AAC2A535F2F00585CA1 /* Models */,
				64943AAD2A535F3800585CA1 /* Views */,
				64943AAE2A535F5300585CA1 /* ViewModels */,
				64C9CD8F2A97EC660083B13F /* BFF */,
				64943A9E2A53323100585CA1 /* MestradoApp.swift */,
				64943AA02A53323100585CA1 /* ContentView.swift */,
				64943AB52A5363B900585CA1 /* Localizable.strings */,
				64388C3C2A5726DF00FDC452 /* Cor.xcassets */,
				64943AA22A53323300585CA1 /* Assets.xcassets */,
				64943AA42A53323300585CA1 /* Preview Content */,
			);
			path = Mestrado;
			sourceTree = "<group>";
		};
		64943AA42A53323300585CA1 /* Preview Content */ = {
			isa = PBXGroup;
			children = (
				64943AA52A53323300585CA1 /* Preview Assets.xcassets */,
			);
			path = "Preview Content";
			sourceTree = "<group>";
		};
		64943AAC2A535F2F00585CA1 /* Models */ = {
			isa = PBXGroup;
			children = (
				64943AB72A53642900585CA1 /* Extensions */,
				6459F3CF2A55A48600A66AFD /* APIErro.swift */,
				64943AB12A53625400585CA1 /* Sentimento.swift */,
				649E1B4A2A54B02500DE4664 /* Rubrica.swift */,
				64195F432A98EACD00490385 /* MomentoAvaliativoTituloModel.swift */,
				648105932A9F6D230040EA26 /* ModelosAntigos.swift */,
			);
			path = Models;
			sourceTree = "<group>";
		};
		64943AAD2A535F3800585CA1 /* Views */ = {
			isa = PBXGroup;
			children = (
				1ED068602A9A6A1C00A05BC9 /* Shapes */,
				64C9CD892A97D1F90083B13F /* SectionHeaderView.swift */,
				64943AAF2A53603D00585CA1 /* ReflexaoItemView.swift */,
				641EB5132A9E5FFC00D1747B /* ObjetivoSelecaoItemView.swift */,
				6459F3E32A560D0E00A66AFD /* ObjetivoItemView.swift */,
				64388C3A2A5725AF00FDC452 /* RubricaView.swift */,
				648105972A9F75040040EA26 /* LoadingView.swift */,
			);
			path = Views;
			sourceTree = "<group>";
		};
		64943AAE2A535F5300585CA1 /* ViewModels */ = {
			isa = PBXGroup;
			children = (
				649E1B502A54BA6100DE4664 /* APIServicoProtocol.swift */,
				649E1B522A54BB7000DE4664 /* APIServico.swift */,
				648105952A9F6DAA0040EA26 /* ViewModelsAntigas.swift */,
			);
			path = ViewModels;
			sourceTree = "<group>";
		};
		64943AB72A53642900585CA1 /* Extensions */ = {
			isa = PBXGroup;
			children = (
				64943AB82A53643200585CA1 /* +Localizable.swift */,
				649E1B562A54C11900DE4664 /* +URL.swift */,
				6459F3E52A560DE800A66AFD /* +Color.swift */,
			);
			path = Extensions;
			sourceTree = "<group>";
		};
		64B0F6C02AA0C5100066E39B /* FeatureLogin */ = {
			isa = PBXGroup;
			children = (
				64B0F6C52AA0CAE30066E39B /* getPessoa.json */,
				64B0F6CE2AA0D3DF0066E39B /* Models */,
				64B0F6C12AA0C5400066E39B /* LoginView.swift */,
				64B0F6C72AA0CB4D0066E39B /* LoginViewModel.swift */,
			);
			path = FeatureLogin;
			sourceTree = "<group>";
		};
		64B0F6CB2AA0D2A90066E39B /* FeatureDisciplinas */ = {
			isa = PBXGroup;
			children = (
				64B0F6CC2AA0D2D30066E39B /* DisciplinasView.swift */,
			);
			path = FeatureDisciplinas;
			sourceTree = "<group>";
		};
		64B0F6CE2AA0D3DF0066E39B /* Models */ = {
			isa = PBXGroup;
			children = (
				64B0F6C92AA0CB6D0066E39B /* LoginModel.swift */,
				64B0F6CF2AA0D3EE0066E39B /* DisciplinaTituloModel.swift */,
			);
			path = Models;
			sourceTree = "<group>";
		};
		64C9CD802A978EBA0083B13F /* FeatureCriacaoAutoavaliacao */ = {
			isa = PBXGroup;
			children = (
				6469D7A12A9D308900662FDE /* getAutoavaliacao.json */,
				1E7EB6E42A981262003415AE /* postAutoavaliacao.geojson */,
				6469D7992A9D29B500662FDE /* Models */,
				6469D79E2A9D2AD900662FDE /* ViewModels */,
				6469D7952A9D1A8000662FDE /* Components */,
				64C9CD832A9791A90083B13F /* AutoavaliacaoView.swift */,
			);
			path = FeatureCriacaoAutoavaliacao;
			sourceTree = "<group>";
		};
		64C9CD8F2A97EC660083B13F /* BFF */ = {
			isa = PBXGroup;
			children = (
				1E7EB6E72A9817CF003415AE /* postDisciplina.geojson */,
				64C9CD8C2A97E22E0083B13F /* getEstudante.json */,
				1E7EB6E12A980F5A003415AE /* getDisciplinas.geojson */,
				1E7EB6E52A981598003415AE /* getMomentosPorDisciplina.geojson */,
				1E7EB6E62A98169B003415AE /* getObjetivos.geojson */,
				1E7EB6E82A981997003415AE /* getTodosEstudantesPorDisciplina.geojson */,
				1E7EB6E92A981A76003415AE /* getDadosGraficoProfessor.geojson */,
				1E7EB6EA2A981C68003415AE /* getInfoEstudante.geojson */,
			);
			path = BFF;
			sourceTree = "<group>";
		};
/* End PBXGroup section */

/* Begin PBXNativeTarget section */
		64943A9A2A53323100585CA1 /* Mestrado */ = {
			isa = PBXNativeTarget;
			buildConfigurationList = 64943AA92A53323300585CA1 /* Build configuration list for PBXNativeTarget "Mestrado" */;
			buildPhases = (
				64943A972A53323100585CA1 /* Sources */,
				64943A982A53323100585CA1 /* Frameworks */,
				64943A992A53323100585CA1 /* Resources */,
			);
			buildRules = (
			);
			dependencies = (
			);
			name = Mestrado;
			productName = Mestrado;
			productReference = 64943A9B2A53323100585CA1 /* Mestrado.app */;
			productType = "com.apple.product-type.application";
		};
/* End PBXNativeTarget section */

/* Begin PBXProject section */
		64943A932A53323100585CA1 /* Project object */ = {
			isa = PBXProject;
			attributes = {
				BuildIndependentTargetsInParallel = 1;
				LastSwiftUpdateCheck = 1430;
				LastUpgradeCheck = 1430;
				TargetAttributes = {
					64943A9A2A53323100585CA1 = {
						CreatedOnToolsVersion = 14.3;
					};
				};
			};
			buildConfigurationList = 64943A962A53323100585CA1 /* Build configuration list for PBXProject "Mestrado" */;
			compatibilityVersion = "Xcode 14.0";
			developmentRegion = en;
			hasScannedForEncodings = 0;
			knownRegions = (
				en,
				Base,
			);
			mainGroup = 64943A922A53323100585CA1;
			productRefGroup = 64943A9C2A53323100585CA1 /* Products */;
			projectDirPath = "";
			projectRoot = "";
			targets = (
				64943A9A2A53323100585CA1 /* Mestrado */,
			);
		};
/* End PBXProject section */

/* Begin PBXResourcesBuildPhase section */
		64943A992A53323100585CA1 /* Resources */ = {
			isa = PBXResourcesBuildPhase;
			buildActionMask = 2147483647;
			files = (
				1E7EB6E22A980F5A003415AE /* getDisciplinas.geojson in Resources */,
				64388C3D2A5726DF00FDC452 /* Cor.xcassets in Resources */,
				64943AA62A53323300585CA1 /* Preview Assets.xcassets in Resources */,
				6469D7A22A9D308900662FDE /* getAutoavaliacao.json in Resources */,
				64195F4F2A99200400490385 /* getAutoavaliacoesEstudante.json in Resources */,
				64B0F6C62AA0CAE30066E39B /* getPessoa.json in Resources */,
				64943AB62A5363B900585CA1 /* Localizable.strings in Resources */,
				64943AA32A53323300585CA1 /* Assets.xcassets in Resources */,
			);
			runOnlyForDeploymentPostprocessing = 0;
		};
/* End PBXResourcesBuildPhase section */

/* Begin PBXSourcesBuildPhase section */
		64943A972A53323100585CA1 /* Sources */ = {
			isa = PBXSourcesBuildPhase;
			buildActionMask = 2147483647;
			files = (
				641EB5142A9E5FFC00D1747B /* ObjetivoSelecaoItemView.swift in Sources */,
				641EB50E2A9E240A00D1747B /* SentimentosView.swift in Sources */,
				64B0F6CD2AA0D2D30066E39B /* DisciplinasView.swift in Sources */,
				1E7EB6F32A982569003415AE /* ReflexaoEstudanteInfoModel.swift in Sources */,
				64388C3F2A572F7000FDC452 /* RetangulosCustomizados.swift in Sources */,
				64388C412A57302D00FDC452 /* ShapeCustomizada.swift in Sources */,
				648105982A9F75040040EA26 /* LoadingView.swift in Sources */,
				649E1B572A54C11900DE4664 /* +URL.swift in Sources */,
				6469D79B2A9D29CC00662FDE /* ObjetivoAutoavaliacaoModel.swift in Sources */,
				648105922A9F6BEA0040EA26 /* PostObjetivoModel.swift in Sources */,
				641EB5182A9E6D3100D1747B /* ObjetivosAvaliacaoSectionView.swift in Sources */,
				1E7EB6EE2A98254B003415AE /* EstudanteInfoViewModel.swift in Sources */,
				64943AB92A53643200585CA1 /* +Localizable.swift in Sources */,
				649E1B532A54BB7000DE4664 /* APIServico.swift in Sources */,
				6459F3D02A55A48600A66AFD /* APIErro.swift in Sources */,
				64195F512A99451000490385 /* EstudanteInfoView.swift in Sources */,
				64B0F6C22AA0C5400066E39B /* LoginView.swift in Sources */,
				64943AA12A53323100585CA1 /* ContentView.swift in Sources */,
				641EB51C2A9E776500D1747B /* CancelarAvaliacaoView.swift in Sources */,
				648105962A9F6DAA0040EA26 /* ViewModelsAntigas.swift in Sources */,
				64943AB22A53625400585CA1 /* Sentimento.swift in Sources */,
				64388C3B2A5725AF00FDC452 /* RubricaView.swift in Sources */,
				6459F3E42A560D0E00A66AFD /* ObjetivoItemView.swift in Sources */,
				64195F442A98EACD00490385 /* MomentoAvaliativoTituloModel.swift in Sources */,
				648FE1972A9FAB4F0043BAC8 /* MomentoAvaliativoModel.swift in Sources */,
				64195F422A98E94100490385 /* GraficoEstudanteInfoModel.swift in Sources */,
				64B0F6D02AA0D3EE0066E39B /* DisciplinaTituloModel.swift in Sources */,
				64B0F6CA2AA0CB6D0066E39B /* LoginModel.swift in Sources */,
				64943A9F2A53323100585CA1 /* MestradoApp.swift in Sources */,
				6469D7A42A9D327C00662FDE /* MomentoCellView.swift in Sources */,
				64C9CD882A97A8DE0083B13F /* AutoavaliacaoEstudanteInfoTituloView.swift in Sources */,
				648105902A9F6B5E0040EA26 /* PostAutoavaliacaoModel.swift in Sources */,
				6469D79D2A9D2A3F00662FDE /* AutoavaliacaoModel.swift in Sources */,
				64C9CD8A2A97D1F90083B13F /* SectionHeaderView.swift in Sources */,
				641EB5122A9E501000D1747B /* ReflexaoSectionView.swift in Sources */,
				1EF0DEF82A9A7594004AD38B /* GraficoBarrasEstudanteInfoView.swift in Sources */,
				64C9CD862A9792940083B13F /* FiltroMomentos.swift in Sources */,
				6469D7A62A9D333400662FDE /* DataCellView.swift in Sources */,
				648105942A9F6D230040EA26 /* ModelosAntigos.swift in Sources */,
				64195F4D2A99126300490385 /* EstudanteInfoModel.swift in Sources */,
				6459F3E62A560DE800A66AFD /* +Color.swift in Sources */,
				64B0F6C82AA0CB4D0066E39B /* LoginViewModel.swift in Sources */,
				1E7EB6F02A982556003415AE /* ObjetivoEstudanteInfoModel.swift in Sources */,
				64C9CD842A9791A90083B13F /* AutoavaliacaoView.swift in Sources */,
				641EB51E2A9E8FB200D1747B /* AdicionarAvaliacaoView.swift in Sources */,
				6469D7972A9D1AB600662FDE /* MomentosAvaliativosDetalheView.swift in Sources */,
				6469D7A02A9D2B0300662FDE /* AutoavaliacaoViewModel.swift in Sources */,
				64943AB02A53603D00585CA1 /* ReflexaoItemView.swift in Sources */,
				64C9CD822A9790370083B13F /* AutoavaliacaoEstudanteInfoView.swift in Sources */,
				641EB5102A9E4DC000D1747B /* MomentosAvaliativosView.swift in Sources */,
				641EB51A2A9E6E6000D1747B /* MomentoSectionView.swift in Sources */,
				649E1B512A54BA6100DE4664 /* APIServicoProtocol.swift in Sources */,
				649E1B4B2A54B02500DE4664 /* Rubrica.swift in Sources */,
			);
			runOnlyForDeploymentPostprocessing = 0;
		};
/* End PBXSourcesBuildPhase section */

/* Begin XCBuildConfiguration section */
		64943AA72A53323300585CA1 /* Debug */ = {
			isa = XCBuildConfiguration;
			buildSettings = {
				ALWAYS_SEARCH_USER_PATHS = NO;
				CLANG_ANALYZER_NONNULL = YES;
				CLANG_ANALYZER_NUMBER_OBJECT_CONVERSION = YES_AGGRESSIVE;
				CLANG_CXX_LANGUAGE_STANDARD = "gnu++20";
				CLANG_ENABLE_MODULES = YES;
				CLANG_ENABLE_OBJC_ARC = YES;
				CLANG_ENABLE_OBJC_WEAK = YES;
				CLANG_WARN_BLOCK_CAPTURE_AUTORELEASING = YES;
				CLANG_WARN_BOOL_CONVERSION = YES;
				CLANG_WARN_COMMA = YES;
				CLANG_WARN_CONSTANT_CONVERSION = YES;
				CLANG_WARN_DEPRECATED_OBJC_IMPLEMENTATIONS = YES;
				CLANG_WARN_DIRECT_OBJC_ISA_USAGE = YES_ERROR;
				CLANG_WARN_DOCUMENTATION_COMMENTS = YES;
				CLANG_WARN_EMPTY_BODY = YES;
				CLANG_WARN_ENUM_CONVERSION = YES;
				CLANG_WARN_INFINITE_RECURSION = YES;
				CLANG_WARN_INT_CONVERSION = YES;
				CLANG_WARN_NON_LITERAL_NULL_CONVERSION = YES;
				CLANG_WARN_OBJC_IMPLICIT_RETAIN_SELF = YES;
				CLANG_WARN_OBJC_LITERAL_CONVERSION = YES;
				CLANG_WARN_OBJC_ROOT_CLASS = YES_ERROR;
				CLANG_WARN_QUOTED_INCLUDE_IN_FRAMEWORK_HEADER = YES;
				CLANG_WARN_RANGE_LOOP_ANALYSIS = YES;
				CLANG_WARN_STRICT_PROTOTYPES = YES;
				CLANG_WARN_SUSPICIOUS_MOVE = YES;
				CLANG_WARN_UNGUARDED_AVAILABILITY = YES_AGGRESSIVE;
				CLANG_WARN_UNREACHABLE_CODE = YES;
				CLANG_WARN__DUPLICATE_METHOD_MATCH = YES;
				COPY_PHASE_STRIP = NO;
				DEBUG_INFORMATION_FORMAT = dwarf;
				ENABLE_STRICT_OBJC_MSGSEND = YES;
				ENABLE_TESTABILITY = YES;
				GCC_C_LANGUAGE_STANDARD = gnu11;
				GCC_DYNAMIC_NO_PIC = NO;
				GCC_NO_COMMON_BLOCKS = YES;
				GCC_OPTIMIZATION_LEVEL = 0;
				GCC_PREPROCESSOR_DEFINITIONS = (
					"DEBUG=1",
					"$(inherited)",
				);
				GCC_WARN_64_TO_32_BIT_CONVERSION = YES;
				GCC_WARN_ABOUT_RETURN_TYPE = YES_ERROR;
				GCC_WARN_UNDECLARED_SELECTOR = YES;
				GCC_WARN_UNINITIALIZED_AUTOS = YES_AGGRESSIVE;
				GCC_WARN_UNUSED_FUNCTION = YES;
				GCC_WARN_UNUSED_VARIABLE = YES;
				IPHONEOS_DEPLOYMENT_TARGET = 16.4;
				MTL_ENABLE_DEBUG_INFO = INCLUDE_SOURCE;
				MTL_FAST_MATH = YES;
				ONLY_ACTIVE_ARCH = YES;
				SDKROOT = iphoneos;
				SWIFT_ACTIVE_COMPILATION_CONDITIONS = DEBUG;
				SWIFT_OPTIMIZATION_LEVEL = "-Onone";
			};
			name = Debug;
		};
		64943AA82A53323300585CA1 /* Release */ = {
			isa = XCBuildConfiguration;
			buildSettings = {
				ALWAYS_SEARCH_USER_PATHS = NO;
				CLANG_ANALYZER_NONNULL = YES;
				CLANG_ANALYZER_NUMBER_OBJECT_CONVERSION = YES_AGGRESSIVE;
				CLANG_CXX_LANGUAGE_STANDARD = "gnu++20";
				CLANG_ENABLE_MODULES = YES;
				CLANG_ENABLE_OBJC_ARC = YES;
				CLANG_ENABLE_OBJC_WEAK = YES;
				CLANG_WARN_BLOCK_CAPTURE_AUTORELEASING = YES;
				CLANG_WARN_BOOL_CONVERSION = YES;
				CLANG_WARN_COMMA = YES;
				CLANG_WARN_CONSTANT_CONVERSION = YES;
				CLANG_WARN_DEPRECATED_OBJC_IMPLEMENTATIONS = YES;
				CLANG_WARN_DIRECT_OBJC_ISA_USAGE = YES_ERROR;
				CLANG_WARN_DOCUMENTATION_COMMENTS = YES;
				CLANG_WARN_EMPTY_BODY = YES;
				CLANG_WARN_ENUM_CONVERSION = YES;
				CLANG_WARN_INFINITE_RECURSION = YES;
				CLANG_WARN_INT_CONVERSION = YES;
				CLANG_WARN_NON_LITERAL_NULL_CONVERSION = YES;
				CLANG_WARN_OBJC_IMPLICIT_RETAIN_SELF = YES;
				CLANG_WARN_OBJC_LITERAL_CONVERSION = YES;
				CLANG_WARN_OBJC_ROOT_CLASS = YES_ERROR;
				CLANG_WARN_QUOTED_INCLUDE_IN_FRAMEWORK_HEADER = YES;
				CLANG_WARN_RANGE_LOOP_ANALYSIS = YES;
				CLANG_WARN_STRICT_PROTOTYPES = YES;
				CLANG_WARN_SUSPICIOUS_MOVE = YES;
				CLANG_WARN_UNGUARDED_AVAILABILITY = YES_AGGRESSIVE;
				CLANG_WARN_UNREACHABLE_CODE = YES;
				CLANG_WARN__DUPLICATE_METHOD_MATCH = YES;
				COPY_PHASE_STRIP = NO;
				DEBUG_INFORMATION_FORMAT = "dwarf-with-dsym";
				ENABLE_NS_ASSERTIONS = NO;
				ENABLE_STRICT_OBJC_MSGSEND = YES;
				GCC_C_LANGUAGE_STANDARD = gnu11;
				GCC_NO_COMMON_BLOCKS = YES;
				GCC_WARN_64_TO_32_BIT_CONVERSION = YES;
				GCC_WARN_ABOUT_RETURN_TYPE = YES_ERROR;
				GCC_WARN_UNDECLARED_SELECTOR = YES;
				GCC_WARN_UNINITIALIZED_AUTOS = YES_AGGRESSIVE;
				GCC_WARN_UNUSED_FUNCTION = YES;
				GCC_WARN_UNUSED_VARIABLE = YES;
				IPHONEOS_DEPLOYMENT_TARGET = 16.4;
				MTL_ENABLE_DEBUG_INFO = NO;
				MTL_FAST_MATH = YES;
				SDKROOT = iphoneos;
				SWIFT_COMPILATION_MODE = wholemodule;
				SWIFT_OPTIMIZATION_LEVEL = "-O";
				VALIDATE_PRODUCT = YES;
			};
			name = Release;
		};
		64943AAA2A53323300585CA1 /* Debug */ = {
			isa = XCBuildConfiguration;
			buildSettings = {
				ASSETCATALOG_COMPILER_APPICON_NAME = AppIcon;
				ASSETCATALOG_COMPILER_GLOBAL_ACCENT_COLOR_NAME = AccentColor;
				CODE_SIGN_STYLE = Automatic;
				CURRENT_PROJECT_VERSION = 1;
				DEVELOPMENT_ASSET_PATHS = "\"Mestrado/Preview Content\"";
				DEVELOPMENT_TEAM = X54K5PJVGU;
				ENABLE_PREVIEWS = YES;
				GENERATE_INFOPLIST_FILE = YES;
				INFOPLIST_KEY_UIApplicationSceneManifest_Generation = YES;
				INFOPLIST_KEY_UIApplicationSupportsIndirectInputEvents = YES;
				INFOPLIST_KEY_UILaunchScreen_Generation = YES;
				INFOPLIST_KEY_UISupportedInterfaceOrientations_iPad = "UIInterfaceOrientationPortrait UIInterfaceOrientationPortraitUpsideDown UIInterfaceOrientationLandscapeLeft UIInterfaceOrientationLandscapeRight";
				INFOPLIST_KEY_UISupportedInterfaceOrientations_iPhone = "UIInterfaceOrientationPortrait UIInterfaceOrientationLandscapeLeft UIInterfaceOrientationLandscapeRight";
				LD_RUNPATH_SEARCH_PATHS = (
					"$(inherited)",
					"@executable_path/Frameworks",
				);
				MARKETING_VERSION = 1.0;
				PRODUCT_BUNDLE_IDENTIFIER = ptl.com.Mestrado;
				PRODUCT_NAME = "$(TARGET_NAME)";
				SWIFT_EMIT_LOC_STRINGS = YES;
				SWIFT_VERSION = 5.0;
				TARGETED_DEVICE_FAMILY = "1,2";
			};
			name = Debug;
		};
		64943AAB2A53323300585CA1 /* Release */ = {
			isa = XCBuildConfiguration;
			buildSettings = {
				ASSETCATALOG_COMPILER_APPICON_NAME = AppIcon;
				ASSETCATALOG_COMPILER_GLOBAL_ACCENT_COLOR_NAME = AccentColor;
				CODE_SIGN_STYLE = Automatic;
				CURRENT_PROJECT_VERSION = 1;
				DEVELOPMENT_ASSET_PATHS = "\"Mestrado/Preview Content\"";
				DEVELOPMENT_TEAM = X54K5PJVGU;
				ENABLE_PREVIEWS = YES;
				GENERATE_INFOPLIST_FILE = YES;
				INFOPLIST_KEY_UIApplicationSceneManifest_Generation = YES;
				INFOPLIST_KEY_UIApplicationSupportsIndirectInputEvents = YES;
				INFOPLIST_KEY_UILaunchScreen_Generation = YES;
				INFOPLIST_KEY_UISupportedInterfaceOrientations_iPad = "UIInterfaceOrientationPortrait UIInterfaceOrientationPortraitUpsideDown UIInterfaceOrientationLandscapeLeft UIInterfaceOrientationLandscapeRight";
				INFOPLIST_KEY_UISupportedInterfaceOrientations_iPhone = "UIInterfaceOrientationPortrait UIInterfaceOrientationLandscapeLeft UIInterfaceOrientationLandscapeRight";
				LD_RUNPATH_SEARCH_PATHS = (
					"$(inherited)",
					"@executable_path/Frameworks",
				);
				MARKETING_VERSION = 1.0;
				PRODUCT_BUNDLE_IDENTIFIER = ptl.com.Mestrado;
				PRODUCT_NAME = "$(TARGET_NAME)";
				SWIFT_EMIT_LOC_STRINGS = YES;
				SWIFT_VERSION = 5.0;
				TARGETED_DEVICE_FAMILY = "1,2";
			};
			name = Release;
		};
/* End XCBuildConfiguration section */

/* Begin XCConfigurationList section */
		64943A962A53323100585CA1 /* Build configuration list for PBXProject "Mestrado" */ = {
			isa = XCConfigurationList;
			buildConfigurations = (
				64943AA72A53323300585CA1 /* Debug */,
				64943AA82A53323300585CA1 /* Release */,
			);
			defaultConfigurationIsVisible = 0;
			defaultConfigurationName = Release;
		};
		64943AA92A53323300585CA1 /* Build configuration list for PBXNativeTarget "Mestrado" */ = {
			isa = XCConfigurationList;
			buildConfigurations = (
				64943AAA2A53323300585CA1 /* Debug */,
				64943AAB2A53323300585CA1 /* Release */,
			);
			defaultConfigurationIsVisible = 0;
			defaultConfigurationName = Release;
		};
/* End XCConfigurationList section */
	};
	rootObject = 64943A932A53323100585CA1 /* Project object */;
}
